// !$*UTF8*$!
{
	archiveVersion = 1;
	classes = {
	};
	objectVersion = 50;
	objects = {

/* Begin PBXBuildFile section */
		40F403D5A84A2B112A3E275B /* Pods_Heart_up.framework in Frameworks */ = {isa = PBXBuildFile; fileRef = 824C26F179797FA7E617789D /* Pods_Heart_up.framework */; };
		C8168D1621318122007084A1 /* MapModule.swift in Sources */ = {isa = PBXBuildFile; fileRef = C8168D1521318122007084A1 /* MapModule.swift */; };
		C8168D6A2136AC01007084A1 /* detailShabonViewController.swift in Sources */ = {isa = PBXBuildFile; fileRef = C8168D692136AC01007084A1 /* detailShabonViewController.swift */; };
		C8168D6C2137BBB5007084A1 /* Login.storyboard in Resources */ = {isa = PBXBuildFile; fileRef = C8168D6B2137BBB5007084A1 /* Login.storyboard */; };
		C8168D6E2137C99B007084A1 /* LoginViewController.swift in Sources */ = {isa = PBXBuildFile; fileRef = C8168D6D2137C99B007084A1 /* LoginViewController.swift */; };
		C8168D70213813C4007084A1 /* Api.swift in Sources */ = {isa = PBXBuildFile; fileRef = C8168D6F213813C4007084A1 /* Api.swift */; };
		C8168D72213836EE007084A1 /* Ext.swift in Sources */ = {isa = PBXBuildFile; fileRef = C8168D71213836EE007084A1 /* Ext.swift */; };
		C8168D762138DF05007084A1 /* UserRegister.swift in Sources */ = {isa = PBXBuildFile; fileRef = C8168D752138DF05007084A1 /* UserRegister.swift */; };
		C8168D782138EA78007084A1 /* UserResisterViewController.swift in Sources */ = {isa = PBXBuildFile; fileRef = C8168D772138EA78007084A1 /* UserResisterViewController.swift */; };
		C8168D7A21395F56007084A1 /* ShabonPostViewController.swift in Sources */ = {isa = PBXBuildFile; fileRef = C8168D7921395F56007084A1 /* ShabonPostViewController.swift */; };
		C8168D7E213BA079007084A1 /* NayamiComment.swift in Sources */ = {isa = PBXBuildFile; fileRef = C8168D7D213BA079007084A1 /* NayamiComment.swift */; };
		C81E850321438026006EDA5C /* AllCommentsTableViewCell.swift in Sources */ = {isa = PBXBuildFile; fileRef = C81E850121438026006EDA5C /* AllCommentsTableViewCell.swift */; };
		C81E850421438026006EDA5C /* AllCommentsTableViewCell.xib in Resources */ = {isa = PBXBuildFile; fileRef = C81E850221438026006EDA5C /* AllCommentsTableViewCell.xib */; };
		C81E850721439144006EDA5C /* AllCommentsCollectionViewController.swift in Sources */ = {isa = PBXBuildFile; fileRef = C81E850621439144006EDA5C /* AllCommentsCollectionViewController.swift */; };
		C86E32CE212C3B97005A3D92 /* AppDelegate.swift in Sources */ = {isa = PBXBuildFile; fileRef = C86E32CD212C3B97005A3D92 /* AppDelegate.swift */; };
		C86E32D3212C3B97005A3D92 /* Main.storyboard in Resources */ = {isa = PBXBuildFile; fileRef = C86E32D1212C3B97005A3D92 /* Main.storyboard */; };
		C86E32D5212C3B98005A3D92 /* Assets.xcassets in Resources */ = {isa = PBXBuildFile; fileRef = C86E32D4212C3B98005A3D92 /* Assets.xcassets */; };
		C86E32D8212C3B98005A3D92 /* LaunchScreen.storyboard in Resources */ = {isa = PBXBuildFile; fileRef = C86E32D6212C3B98005A3D92 /* LaunchScreen.storyboard */; };
		C86E32EF212D1B67005A3D92 /* MapKit.framework in Frameworks */ = {isa = PBXBuildFile; fileRef = C86E32EE212D1B67005A3D92 /* MapKit.framework */; };
		C86E32F1212D1B73005A3D92 /* CoreLocation.framework in Frameworks */ = {isa = PBXBuildFile; fileRef = C86E32F0212D1B73005A3D92 /* CoreLocation.framework */; };
		C894CFB9213CE6DE007957E2 /* MyPageViewController.swift in Sources */ = {isa = PBXBuildFile; fileRef = C894CFB8213CE6DE007957E2 /* MyPageViewController.swift */; };
		C894CFBD213CE787007957E2 /* MyShabonViewController.swift in Sources */ = {isa = PBXBuildFile; fileRef = C894CFBC213CE787007957E2 /* MyShabonViewController.swift */; };
		C894CFBF213CF4ED007957E2 /* AllCommentsViewController.swift in Sources */ = {isa = PBXBuildFile; fileRef = C894CFBE213CF4ED007957E2 /* AllCommentsViewController.swift */; };
		C894CFC1213F496D007957E2 /* Annotation.swift in Sources */ = {isa = PBXBuildFile; fileRef = C894CFC0213F496D007957E2 /* Annotation.swift */; };
		C894CFCD2140D32B007957E2 /* MyShabonTableViewCell.swift in Sources */ = {isa = PBXBuildFile; fileRef = C894CFCB2140D32B007957E2 /* MyShabonTableViewCell.swift */; };
		C894CFCE2140D32B007957E2 /* MyShabonTableViewCell.xib in Resources */ = {isa = PBXBuildFile; fileRef = C894CFCC2140D32B007957E2 /* MyShabonTableViewCell.xib */; };
		C894CFD321415677007957E2 /* MyShabonDetailViewController.swift in Sources */ = {isa = PBXBuildFile; fileRef = C894CFD221415677007957E2 /* MyShabonDetailViewController.swift */; };
		C894CFD621420E0B007957E2 /* MyShabonDetailCollectionViewCell.swift in Sources */ = {isa = PBXBuildFile; fileRef = C894CFD421420E0B007957E2 /* MyShabonDetailCollectionViewCell.swift */; };
		C894CFD721420E0B007957E2 /* MyShabonDetailCollectionViewCell.xib in Resources */ = {isa = PBXBuildFile; fileRef = C894CFD521420E0B007957E2 /* MyShabonDetailCollectionViewCell.xib */; };
		C8EB10CF212FD10E00B61D34 /* StockLocateInfos.swift in Sources */ = {isa = PBXBuildFile; fileRef = C8EB10CE212FD10E00B61D34 /* StockLocateInfos.swift */; };
		C8EB10D1212FD12100B61D34 /* LocateInfo.swift in Sources */ = {isa = PBXBuildFile; fileRef = C8EB10D0212FD12100B61D34 /* LocateInfo.swift */; };
		C8EB10D52130021E00B61D34 /* ShowLocateViewController.swift in Sources */ = {isa = PBXBuildFile; fileRef = C8EB10D42130021E00B61D34 /* ShowLocateViewController.swift */; };
/* End PBXBuildFile section */

/* Begin PBXFileReference section */
		824C26F179797FA7E617789D /* Pods_Heart_up.framework */ = {isa = PBXFileReference; explicitFileType = wrapper.framework; includeInIndex = 0; path = Pods_Heart_up.framework; sourceTree = BUILT_PRODUCTS_DIR; };
		B82C928BC37825E7E92F0E89 /* Pods-Heart-up.release.xcconfig */ = {isa = PBXFileReference; includeInIndex = 1; lastKnownFileType = text.xcconfig; name = "Pods-Heart-up.release.xcconfig"; path = "Pods/Target Support Files/Pods-Heart-up/Pods-Heart-up.release.xcconfig"; sourceTree = "<group>"; };
		C8168D1521318122007084A1 /* MapModule.swift */ = {isa = PBXFileReference; lastKnownFileType = sourcecode.swift; path = MapModule.swift; sourceTree = "<group>"; };
		C8168D692136AC01007084A1 /* detailShabonViewController.swift */ = {isa = PBXFileReference; lastKnownFileType = sourcecode.swift; name = detailShabonViewController.swift; path = "/Users/maedakei/Library/Autosave Information/Heart-up/Heart-up/detailShabonViewController.swift"; sourceTree = "<absolute>"; };
		C8168D6B2137BBB5007084A1 /* Login.storyboard */ = {isa = PBXFileReference; lastKnownFileType = file.storyboard; path = Login.storyboard; sourceTree = "<group>"; };
		C8168D6D2137C99B007084A1 /* LoginViewController.swift */ = {isa = PBXFileReference; lastKnownFileType = sourcecode.swift; path = LoginViewController.swift; sourceTree = "<group>"; };
		C8168D6F213813C4007084A1 /* Api.swift */ = {isa = PBXFileReference; lastKnownFileType = sourcecode.swift; path = Api.swift; sourceTree = "<group>"; };
		C8168D71213836EE007084A1 /* Ext.swift */ = {isa = PBXFileReference; lastKnownFileType = sourcecode.swift; path = Ext.swift; sourceTree = "<group>"; };
		C8168D752138DF05007084A1 /* UserRegister.swift */ = {isa = PBXFileReference; lastKnownFileType = sourcecode.swift; path = UserRegister.swift; sourceTree = "<group>"; };
		C8168D772138EA78007084A1 /* UserResisterViewController.swift */ = {isa = PBXFileReference; lastKnownFileType = sourcecode.swift; path = UserResisterViewController.swift; sourceTree = "<group>"; };
		C8168D7921395F56007084A1 /* ShabonPostViewController.swift */ = {isa = PBXFileReference; lastKnownFileType = sourcecode.swift; path = ShabonPostViewController.swift; sourceTree = "<group>"; };
		C8168D7D213BA079007084A1 /* NayamiComment.swift */ = {isa = PBXFileReference; lastKnownFileType = sourcecode.swift; path = NayamiComment.swift; sourceTree = "<group>"; };
		C81E850121438026006EDA5C /* AllCommentsTableViewCell.swift */ = {isa = PBXFileReference; lastKnownFileType = sourcecode.swift; path = AllCommentsTableViewCell.swift; sourceTree = "<group>"; };
		C81E850221438026006EDA5C /* AllCommentsTableViewCell.xib */ = {isa = PBXFileReference; lastKnownFileType = file.xib; path = AllCommentsTableViewCell.xib; sourceTree = "<group>"; };
		C81E850621439144006EDA5C /* AllCommentsCollectionViewController.swift */ = {isa = PBXFileReference; lastKnownFileType = sourcecode.swift; path = AllCommentsCollectionViewController.swift; sourceTree = "<group>"; };
		C86E32CA212C3B97005A3D92 /* Heart-up.app */ = {isa = PBXFileReference; explicitFileType = wrapper.application; includeInIndex = 0; path = "Heart-up.app"; sourceTree = BUILT_PRODUCTS_DIR; };
		C86E32CD212C3B97005A3D92 /* AppDelegate.swift */ = {isa = PBXFileReference; lastKnownFileType = sourcecode.swift; path = AppDelegate.swift; sourceTree = "<group>"; };
		C86E32D2212C3B97005A3D92 /* Base */ = {isa = PBXFileReference; lastKnownFileType = file.storyboard; name = Base; path = Base.lproj/Main.storyboard; sourceTree = "<group>"; };
		C86E32D4212C3B98005A3D92 /* Assets.xcassets */ = {isa = PBXFileReference; lastKnownFileType = folder.assetcatalog; path = Assets.xcassets; sourceTree = "<group>"; };
		C86E32D7212C3B98005A3D92 /* Base */ = {isa = PBXFileReference; lastKnownFileType = file.storyboard; name = Base; path = Base.lproj/LaunchScreen.storyboard; sourceTree = "<group>"; };
		C86E32D9212C3B98005A3D92 /* Info.plist */ = {isa = PBXFileReference; lastKnownFileType = text.plist.xml; path = Info.plist; sourceTree = "<group>"; };
		C86E32EE212D1B67005A3D92 /* MapKit.framework */ = {isa = PBXFileReference; lastKnownFileType = wrapper.framework; name = MapKit.framework; path = System/Library/Frameworks/MapKit.framework; sourceTree = SDKROOT; };
		C86E32F0212D1B73005A3D92 /* CoreLocation.framework */ = {isa = PBXFileReference; lastKnownFileType = wrapper.framework; name = CoreLocation.framework; path = System/Library/Frameworks/CoreLocation.framework; sourceTree = SDKROOT; };
		C894CFB8213CE6DE007957E2 /* MyPageViewController.swift */ = {isa = PBXFileReference; lastKnownFileType = sourcecode.swift; path = MyPageViewController.swift; sourceTree = "<group>"; };
		C894CFBC213CE787007957E2 /* MyShabonViewController.swift */ = {isa = PBXFileReference; lastKnownFileType = sourcecode.swift; path = MyShabonViewController.swift; sourceTree = "<group>"; };
		C894CFBE213CF4ED007957E2 /* AllCommentsViewController.swift */ = {isa = PBXFileReference; lastKnownFileType = sourcecode.swift; path = AllCommentsViewController.swift; sourceTree = "<group>"; };
		C894CFC0213F496D007957E2 /* Annotation.swift */ = {isa = PBXFileReference; lastKnownFileType = sourcecode.swift; path = Annotation.swift; sourceTree = "<group>"; };
		C894CFCB2140D32B007957E2 /* MyShabonTableViewCell.swift */ = {isa = PBXFileReference; lastKnownFileType = sourcecode.swift; path = MyShabonTableViewCell.swift; sourceTree = "<group>"; };
		C894CFCC2140D32B007957E2 /* MyShabonTableViewCell.xib */ = {isa = PBXFileReference; lastKnownFileType = file.xib; path = MyShabonTableViewCell.xib; sourceTree = "<group>"; };
		C894CFD221415677007957E2 /* MyShabonDetailViewController.swift */ = {isa = PBXFileReference; lastKnownFileType = sourcecode.swift; path = MyShabonDetailViewController.swift; sourceTree = "<group>"; };
		C894CFD421420E0B007957E2 /* MyShabonDetailCollectionViewCell.swift */ = {isa = PBXFileReference; lastKnownFileType = sourcecode.swift; path = MyShabonDetailCollectionViewCell.swift; sourceTree = "<group>"; };
		C894CFD521420E0B007957E2 /* MyShabonDetailCollectionViewCell.xib */ = {isa = PBXFileReference; lastKnownFileType = file.xib; path = MyShabonDetailCollectionViewCell.xib; sourceTree = "<group>"; };
		C8EB10CE212FD10E00B61D34 /* StockLocateInfos.swift */ = {isa = PBXFileReference; lastKnownFileType = sourcecode.swift; path = StockLocateInfos.swift; sourceTree = "<group>"; };
		C8EB10D0212FD12100B61D34 /* LocateInfo.swift */ = {isa = PBXFileReference; lastKnownFileType = sourcecode.swift; path = LocateInfo.swift; sourceTree = "<group>"; };
		C8EB10D42130021E00B61D34 /* ShowLocateViewController.swift */ = {isa = PBXFileReference; lastKnownFileType = sourcecode.swift; name = ShowLocateViewController.swift; path = "/Users/maedakei/Library/Autosave Information/Heart-up/Heart-up/ShowLocateViewController.swift"; sourceTree = "<absolute>"; };
		FFF6B60923565050FDCFD900 /* Pods-Heart-up.debug.xcconfig */ = {isa = PBXFileReference; includeInIndex = 1; lastKnownFileType = text.xcconfig; name = "Pods-Heart-up.debug.xcconfig"; path = "Pods/Target Support Files/Pods-Heart-up/Pods-Heart-up.debug.xcconfig"; sourceTree = "<group>"; };
/* End PBXFileReference section */

/* Begin PBXFrameworksBuildPhase section */
		C86E32C7212C3B97005A3D92 /* Frameworks */ = {
			isa = PBXFrameworksBuildPhase;
			buildActionMask = 2147483647;
			files = (
				C86E32F1212D1B73005A3D92 /* CoreLocation.framework in Frameworks */,
				C86E32EF212D1B67005A3D92 /* MapKit.framework in Frameworks */,
				40F403D5A84A2B112A3E275B /* Pods_Heart_up.framework in Frameworks */,
			);
			runOnlyForDeploymentPostprocessing = 0;
		};
/* End PBXFrameworksBuildPhase section */

/* Begin PBXGroup section */
		920638BC7AB0B90656E9F5B0 /* Pods */ = {
			isa = PBXGroup;
			children = (
				FFF6B60923565050FDCFD900 /* Pods-Heart-up.debug.xcconfig */,
				B82C928BC37825E7E92F0E89 /* Pods-Heart-up.release.xcconfig */,
			);
			name = Pods;
			sourceTree = "<group>";
		};
		C81E84FF21436A4C006EDA5C /* Trash */ = {
			isa = PBXGroup;
			children = (
				C894CFD421420E0B007957E2 /* MyShabonDetailCollectionViewCell.swift */,
				C894CFD521420E0B007957E2 /* MyShabonDetailCollectionViewCell.xib */,
			);
			path = Trash;
			sourceTree = "<group>";
		};
		C81E850021437F3C006EDA5C /* MyShabonTableViewCell */ = {
			isa = PBXGroup;
			children = (
				C894CFCB2140D32B007957E2 /* MyShabonTableViewCell.swift */,
				C894CFCC2140D32B007957E2 /* MyShabonTableViewCell.xib */,
			);
			path = MyShabonTableViewCell;
			sourceTree = "<group>";
		};
		C81E8505214382F4006EDA5C /* AllCommentsTableCell */ = {
			isa = PBXGroup;
			children = (
				C81E850121438026006EDA5C /* AllCommentsTableViewCell.swift */,
				C81E850221438026006EDA5C /* AllCommentsTableViewCell.xib */,
			);
			path = AllCommentsTableCell;
			sourceTree = "<group>";
		};
		C86E32C1212C3B97005A3D92 = {
			isa = PBXGroup;
			children = (
				C86E32CC212C3B97005A3D92 /* Heart-up */,
				C86E32CB212C3B97005A3D92 /* Products */,
				C86E32ED212D1B67005A3D92 /* Frameworks */,
				920638BC7AB0B90656E9F5B0 /* Pods */,
			);
			sourceTree = "<group>";
		};
		C86E32CB212C3B97005A3D92 /* Products */ = {
			isa = PBXGroup;
			children = (
				C86E32CA212C3B97005A3D92 /* Heart-up.app */,
			);
			name = Products;
			sourceTree = "<group>";
		};
		C86E32CC212C3B97005A3D92 /* Heart-up */ = {
			isa = PBXGroup;
			children = (
				C81E84FF21436A4C006EDA5C /* Trash */,
				C8EB10CB212FD0D500B61D34 /* Models */,
				C81E850021437F3C006EDA5C /* MyShabonTableViewCell */,
				C81E8505214382F4006EDA5C /* AllCommentsTableCell */,
				C86E32CD212C3B97005A3D92 /* AppDelegate.swift */,
				C8168D772138EA78007084A1 /* UserResisterViewController.swift */,
				C8168D1521318122007084A1 /* MapModule.swift */,
				C8EB10D42130021E00B61D34 /* ShowLocateViewController.swift */,
				C8168D6B2137BBB5007084A1 /* Login.storyboard */,
				C894CFBE213CF4ED007957E2 /* AllCommentsViewController.swift */,
				C8168D71213836EE007084A1 /* Ext.swift */,
				C86E32D1212C3B97005A3D92 /* Main.storyboard */,
				C81E850621439144006EDA5C /* AllCommentsCollectionViewController.swift */,
				C894CFD221415677007957E2 /* MyShabonDetailViewController.swift */,
				C894CFB8213CE6DE007957E2 /* MyPageViewController.swift */,
				C894CFBC213CE787007957E2 /* MyShabonViewController.swift */,
				C86E32D4212C3B98005A3D92 /* Assets.xcassets */,
				C8168D692136AC01007084A1 /* detailShabonViewController.swift */,
				C86E32D6212C3B98005A3D92 /* LaunchScreen.storyboard */,
				C8168D6D2137C99B007084A1 /* LoginViewController.swift */,
				C8168D7921395F56007084A1 /* ShabonPostViewController.swift */,
				C86E32D9212C3B98005A3D92 /* Info.plist */,
			);
			path = "Heart-up";
			sourceTree = "<group>";
		};
		C86E32ED212D1B67005A3D92 /* Frameworks */ = {
			isa = PBXGroup;
			children = (
				C86E32F0212D1B73005A3D92 /* CoreLocation.framework */,
				C86E32EE212D1B67005A3D92 /* MapKit.framework */,
				824C26F179797FA7E617789D /* Pods_Heart_up.framework */,
			);
			name = Frameworks;
			sourceTree = "<group>";
		};
		C8EB10CB212FD0D500B61D34 /* Models */ = {
			isa = PBXGroup;
			children = (
				C8EB10CC212FD0D500B61D34 /* Model Manager */,
				C8EB10CD212FD0D500B61D34 /* Model Object */,
			);
			path = Models;
			sourceTree = "<group>";
		};
		C8EB10CC212FD0D500B61D34 /* Model Manager */ = {
			isa = PBXGroup;
			children = (
				C8168D6F213813C4007084A1 /* Api.swift */,
				C8EB10CE212FD10E00B61D34 /* StockLocateInfos.swift */,
				C8168D752138DF05007084A1 /* UserRegister.swift */,
				C8168D7D213BA079007084A1 /* NayamiComment.swift */,
			);
			path = "Model Manager";
			sourceTree = "<group>";
		};
		C8EB10CD212FD0D500B61D34 /* Model Object */ = {
			isa = PBXGroup;
			children = (
				C8EB10D0212FD12100B61D34 /* LocateInfo.swift */,
				C894CFC0213F496D007957E2 /* Annotation.swift */,
			);
			path = "Model Object";
			sourceTree = "<group>";
		};
/* End PBXGroup section */

/* Begin PBXNativeTarget section */
		C86E32C9212C3B97005A3D92 /* Heart-up */ = {
			isa = PBXNativeTarget;
			buildConfigurationList = C86E32DC212C3B98005A3D92 /* Build configuration list for PBXNativeTarget "Heart-up" */;
			buildPhases = (
				97898D70F530F9E9D98F7A08 /* [CP] Check Pods Manifest.lock */,
				C86E32C6212C3B97005A3D92 /* Sources */,
				C86E32C7212C3B97005A3D92 /* Frameworks */,
				C86E32C8212C3B97005A3D92 /* Resources */,
				942CF50303AA9C7EF0695D4D /* [CP] Embed Pods Frameworks */,
			);
			buildRules = (
			);
			dependencies = (
			);
			name = "Heart-up";
			productName = "Heart-up";
			productReference = C86E32CA212C3B97005A3D92 /* Heart-up.app */;
			productType = "com.apple.product-type.application";
		};
/* End PBXNativeTarget section */

/* Begin PBXProject section */
		C86E32C2212C3B97005A3D92 /* Project object */ = {
			isa = PBXProject;
			attributes = {
				LastSwiftUpdateCheck = 0940;
				LastUpgradeCheck = 0940;
				ORGANIZATIONNAME = "kei maeda";
				TargetAttributes = {
					C86E32C9212C3B97005A3D92 = {
						CreatedOnToolsVersion = 9.4.1;
					};
				};
			};
			buildConfigurationList = C86E32C5212C3B97005A3D92 /* Build configuration list for PBXProject "Heart-up" */;
			compatibilityVersion = "Xcode 9.3";
			developmentRegion = en;
			hasScannedForEncodings = 0;
			knownRegions = (
				en,
				Base,
			);
			mainGroup = C86E32C1212C3B97005A3D92;
			productRefGroup = C86E32CB212C3B97005A3D92 /* Products */;
			projectDirPath = "";
			projectRoot = "";
			targets = (
				C86E32C9212C3B97005A3D92 /* Heart-up */,
			);
		};
/* End PBXProject section */

/* Begin PBXResourcesBuildPhase section */
		C86E32C8212C3B97005A3D92 /* Resources */ = {
			isa = PBXResourcesBuildPhase;
			buildActionMask = 2147483647;
			files = (
				C8168D6C2137BBB5007084A1 /* Login.storyboard in Resources */,
				C81E850421438026006EDA5C /* AllCommentsTableViewCell.xib in Resources */,
				C86E32D8212C3B98005A3D92 /* LaunchScreen.storyboard in Resources */,
				C894CFCE2140D32B007957E2 /* MyShabonTableViewCell.xib in Resources */,
				C86E32D5212C3B98005A3D92 /* Assets.xcassets in Resources */,
				C894CFD721420E0B007957E2 /* MyShabonDetailCollectionViewCell.xib in Resources */,
				C86E32D3212C3B97005A3D92 /* Main.storyboard in Resources */,
			);
			runOnlyForDeploymentPostprocessing = 0;
		};
/* End PBXResourcesBuildPhase section */

/* Begin PBXShellScriptBuildPhase section */
		942CF50303AA9C7EF0695D4D /* [CP] Embed Pods Frameworks */ = {
			isa = PBXShellScriptBuildPhase;
			buildActionMask = 2147483647;
			files = (
			);
			inputPaths = (
				"${SRCROOT}/Pods/Target Support Files/Pods-Heart-up/Pods-Heart-up-frameworks.sh",
				"${BUILT_PRODUCTS_DIR}/Alamofire/Alamofire.framework",
				"${BUILT_PRODUCTS_DIR}/SwiftyJSON/SwiftyJSON.framework",
			);
			name = "[CP] Embed Pods Frameworks";
			outputPaths = (
				"${TARGET_BUILD_DIR}/${FRAMEWORKS_FOLDER_PATH}/Alamofire.framework",
				"${TARGET_BUILD_DIR}/${FRAMEWORKS_FOLDER_PATH}/SwiftyJSON.framework",
			);
			runOnlyForDeploymentPostprocessing = 0;
			shellPath = /bin/sh;
			shellScript = "\"${SRCROOT}/Pods/Target Support Files/Pods-Heart-up/Pods-Heart-up-frameworks.sh\"\n";
			showEnvVarsInLog = 0;
		};
		97898D70F530F9E9D98F7A08 /* [CP] Check Pods Manifest.lock */ = {
			isa = PBXShellScriptBuildPhase;
			buildActionMask = 2147483647;
			files = (
			);
			inputPaths = (
				"${PODS_PODFILE_DIR_PATH}/Podfile.lock",
				"${PODS_ROOT}/Manifest.lock",
			);
			name = "[CP] Check Pods Manifest.lock";
			outputPaths = (
				"$(DERIVED_FILE_DIR)/Pods-Heart-up-checkManifestLockResult.txt",
			);
			runOnlyForDeploymentPostprocessing = 0;
			shellPath = /bin/sh;
			shellScript = "diff \"${PODS_PODFILE_DIR_PATH}/Podfile.lock\" \"${PODS_ROOT}/Manifest.lock\" > /dev/null\nif [ $? != 0 ] ; then\n    # print error to STDERR\n    echo \"error: The sandbox is not in sync with the Podfile.lock. Run 'pod install' or update your CocoaPods installation.\" >&2\n    exit 1\nfi\n# This output is used by Xcode 'outputs' to avoid re-running this script phase.\necho \"SUCCESS\" > \"${SCRIPT_OUTPUT_FILE_0}\"\n";
			showEnvVarsInLog = 0;
		};
/* End PBXShellScriptBuildPhase section */

/* Begin PBXSourcesBuildPhase section */
		C86E32C6212C3B97005A3D92 /* Sources */ = {
			isa = PBXSourcesBuildPhase;
			buildActionMask = 2147483647;
			files = (
				C8168D782138EA78007084A1 /* UserResisterViewController.swift in Sources */,
				C894CFC1213F496D007957E2 /* Annotation.swift in Sources */,
				C81E850721439144006EDA5C /* AllCommentsCollectionViewController.swift in Sources */,
				C894CFCD2140D32B007957E2 /* MyShabonTableViewCell.swift in Sources */,
				C8168D70213813C4007084A1 /* Api.swift in Sources */,
				C8168D1621318122007084A1 /* MapModule.swift in Sources */,
				C8168D6A2136AC01007084A1 /* detailShabonViewController.swift in Sources */,
				C86E32CE212C3B97005A3D92 /* AppDelegate.swift in Sources */,
				C8168D762138DF05007084A1 /* UserRegister.swift in Sources */,
				C894CFBD213CE787007957E2 /* MyShabonViewController.swift in Sources */,
				C8168D6E2137C99B007084A1 /* LoginViewController.swift in Sources */,
				C8168D7E213BA079007084A1 /* NayamiComment.swift in Sources */,
				C81E850321438026006EDA5C /* AllCommentsTableViewCell.swift in Sources */,
				C8EB10CF212FD10E00B61D34 /* StockLocateInfos.swift in Sources */,
				C894CFD621420E0B007957E2 /* MyShabonDetailCollectionViewCell.swift in Sources */,
				C894CFD321415677007957E2 /* MyShabonDetailViewController.swift in Sources */,
				C894CFBF213CF4ED007957E2 /* AllCommentsViewController.swift in Sources */,
				C894CFB9213CE6DE007957E2 /* MyPageViewController.swift in Sources */,
				C8EB10D52130021E00B61D34 /* ShowLocateViewController.swift in Sources */,
				C8EB10D1212FD12100B61D34 /* LocateInfo.swift in Sources */,
				C8168D72213836EE007084A1 /* Ext.swift in Sources */,
				C8168D7A21395F56007084A1 /* ShabonPostViewController.swift in Sources */,
			);
			runOnlyForDeploymentPostprocessing = 0;
		};
/* End PBXSourcesBuildPhase section */

/* Begin PBXVariantGroup section */
		C86E32D1212C3B97005A3D92 /* Main.storyboard */ = {
			isa = PBXVariantGroup;
			children = (
				C86E32D2212C3B97005A3D92 /* Base */,
			);
			name = Main.storyboard;
			sourceTree = "<group>";
		};
		C86E32D6212C3B98005A3D92 /* LaunchScreen.storyboard */ = {
			isa = PBXVariantGroup;
			children = (
				C86E32D7212C3B98005A3D92 /* Base */,
			);
			name = LaunchScreen.storyboard;
			sourceTree = "<group>";
		};
/* End PBXVariantGroup section */

/* Begin XCBuildConfiguration section */
		C86E32DA212C3B98005A3D92 /* Debug */ = {
			isa = XCBuildConfiguration;
			buildSettings = {
				ALWAYS_SEARCH_USER_PATHS = NO;
				CLANG_ANALYZER_NONNULL = YES;
				CLANG_ANALYZER_NUMBER_OBJECT_CONVERSION = YES_AGGRESSIVE;
				CLANG_CXX_LANGUAGE_STANDARD = "gnu++14";
				CLANG_CXX_LIBRARY = "libc++";
				CLANG_ENABLE_MODULES = YES;
				CLANG_ENABLE_OBJC_ARC = YES;
				CLANG_ENABLE_OBJC_WEAK = YES;
				CLANG_WARN_BLOCK_CAPTURE_AUTORELEASING = YES;
				CLANG_WARN_BOOL_CONVERSION = YES;
				CLANG_WARN_COMMA = YES;
				CLANG_WARN_CONSTANT_CONVERSION = YES;
				CLANG_WARN_DEPRECATED_OBJC_IMPLEMENTATIONS = YES;
				CLANG_WARN_DIRECT_OBJC_ISA_USAGE = YES_ERROR;
				CLANG_WARN_DOCUMENTATION_COMMENTS = YES;
				CLANG_WARN_EMPTY_BODY = YES;
				CLANG_WARN_ENUM_CONVERSION = YES;
				CLANG_WARN_INFINITE_RECURSION = YES;
				CLANG_WARN_INT_CONVERSION = YES;
				CLANG_WARN_NON_LITERAL_NULL_CONVERSION = YES;
				CLANG_WARN_OBJC_IMPLICIT_RETAIN_SELF = YES;
				CLANG_WARN_OBJC_LITERAL_CONVERSION = YES;
				CLANG_WARN_OBJC_ROOT_CLASS = YES_ERROR;
				CLANG_WARN_RANGE_LOOP_ANALYSIS = YES;
				CLANG_WARN_STRICT_PROTOTYPES = YES;
				CLANG_WARN_SUSPICIOUS_MOVE = YES;
				CLANG_WARN_UNGUARDED_AVAILABILITY = YES_AGGRESSIVE;
				CLANG_WARN_UNREACHABLE_CODE = YES;
				CLANG_WARN__DUPLICATE_METHOD_MATCH = YES;
				CODE_SIGN_IDENTITY = "iPhone Developer";
				COPY_PHASE_STRIP = NO;
				DEBUG_INFORMATION_FORMAT = dwarf;
				ENABLE_STRICT_OBJC_MSGSEND = YES;
				ENABLE_TESTABILITY = YES;
				GCC_C_LANGUAGE_STANDARD = gnu11;
				GCC_DYNAMIC_NO_PIC = NO;
				GCC_NO_COMMON_BLOCKS = YES;
				GCC_OPTIMIZATION_LEVEL = 0;
				GCC_PREPROCESSOR_DEFINITIONS = (
					"DEBUG=1",
					"$(inherited)",
				);
				GCC_WARN_64_TO_32_BIT_CONVERSION = YES;
				GCC_WARN_ABOUT_RETURN_TYPE = YES_ERROR;
				GCC_WARN_UNDECLARED_SELECTOR = YES;
				GCC_WARN_UNINITIALIZED_AUTOS = YES_AGGRESSIVE;
				GCC_WARN_UNUSED_FUNCTION = YES;
				GCC_WARN_UNUSED_VARIABLE = YES;
				IPHONEOS_DEPLOYMENT_TARGET = 11.4;
				MTL_ENABLE_DEBUG_INFO = YES;
				ONLY_ACTIVE_ARCH = YES;
				SDKROOT = iphoneos;
				SWIFT_ACTIVE_COMPILATION_CONDITIONS = DEBUG;
				SWIFT_OPTIMIZATION_LEVEL = "-Onone";
			};
			name = Debug;
		};
		C86E32DB212C3B98005A3D92 /* Release */ = {
			isa = XCBuildConfiguration;
			buildSettings = {
				ALWAYS_SEARCH_USER_PATHS = NO;
				CLANG_ANALYZER_NONNULL = YES;
				CLANG_ANALYZER_NUMBER_OBJECT_CONVERSION = YES_AGGRESSIVE;
				CLANG_CXX_LANGUAGE_STANDARD = "gnu++14";
				CLANG_CXX_LIBRARY = "libc++";
				CLANG_ENABLE_MODULES = YES;
				CLANG_ENABLE_OBJC_ARC = YES;
				CLANG_ENABLE_OBJC_WEAK = YES;
				CLANG_WARN_BLOCK_CAPTURE_AUTORELEASING = YES;
				CLANG_WARN_BOOL_CONVERSION = YES;
				CLANG_WARN_COMMA = YES;
				CLANG_WARN_CONSTANT_CONVERSION = YES;
				CLANG_WARN_DEPRECATED_OBJC_IMPLEMENTATIONS = YES;
				CLANG_WARN_DIRECT_OBJC_ISA_USAGE = YES_ERROR;
				CLANG_WARN_DOCUMENTATION_COMMENTS = YES;
				CLANG_WARN_EMPTY_BODY = YES;
				CLANG_WARN_ENUM_CONVERSION = YES;
				CLANG_WARN_INFINITE_RECURSION = YES;
				CLANG_WARN_INT_CONVERSION = YES;
				CLANG_WARN_NON_LITERAL_NULL_CONVERSION = YES;
				CLANG_WARN_OBJC_IMPLICIT_RETAIN_SELF = YES;
				CLANG_WARN_OBJC_LITERAL_CONVERSION = YES;
				CLANG_WARN_OBJC_ROOT_CLASS = YES_ERROR;
				CLANG_WARN_RANGE_LOOP_ANALYSIS = YES;
				CLANG_WARN_STRICT_PROTOTYPES = YES;
				CLANG_WARN_SUSPICIOUS_MOVE = YES;
				CLANG_WARN_UNGUARDED_AVAILABILITY = YES_AGGRESSIVE;
				CLANG_WARN_UNREACHABLE_CODE = YES;
				CLANG_WARN__DUPLICATE_METHOD_MATCH = YES;
				CODE_SIGN_IDENTITY = "iPhone Developer";
				COPY_PHASE_STRIP = NO;
				DEBUG_INFORMATION_FORMAT = "dwarf-with-dsym";
				ENABLE_NS_ASSERTIONS = NO;
				ENABLE_STRICT_OBJC_MSGSEND = YES;
				GCC_C_LANGUAGE_STANDARD = gnu11;
				GCC_NO_COMMON_BLOCKS = YES;
				GCC_WARN_64_TO_32_BIT_CONVERSION = YES;
				GCC_WARN_ABOUT_RETURN_TYPE = YES_ERROR;
				GCC_WARN_UNDECLARED_SELECTOR = YES;
				GCC_WARN_UNINITIALIZED_AUTOS = YES_AGGRESSIVE;
				GCC_WARN_UNUSED_FUNCTION = YES;
				GCC_WARN_UNUSED_VARIABLE = YES;
				IPHONEOS_DEPLOYMENT_TARGET = 11.4;
				MTL_ENABLE_DEBUG_INFO = NO;
				SDKROOT = iphoneos;
				SWIFT_COMPILATION_MODE = wholemodule;
				SWIFT_OPTIMIZATION_LEVEL = "-O";
				VALIDATE_PRODUCT = YES;
			};
			name = Release;
		};
		C86E32DD212C3B98005A3D92 /* Debug */ = {
			isa = XCBuildConfiguration;
			baseConfigurationReference = FFF6B60923565050FDCFD900 /* Pods-Heart-up.debug.xcconfig */;
			buildSettings = {
				ASSETCATALOG_COMPILER_APPICON_NAME = AppIcon;
				CODE_SIGN_STYLE = Automatic;
				DEVELOPMENT_TEAM = 27LU9Z8P5L;
				INFOPLIST_FILE = "Heart-up/Info.plist";
				LD_RUNPATH_SEARCH_PATHS = (
					"$(inherited)",
					"@executable_path/Frameworks",
				);
				PRODUCT_BUNDLE_IDENTIFIER = "com.kei.MyApp.Heart-up";
				PRODUCT_NAME = "$(TARGET_NAME)";
				SWIFT_VERSION = 4.0;
				TARGETED_DEVICE_FAMILY = "1,2";
			};
			name = Debug;
		};
		C86E32DE212C3B98005A3D92 /* Release */ = {
			isa = XCBuildConfiguration;
			baseConfigurationReference = B82C928BC37825E7E92F0E89 /* Pods-Heart-up.release.xcconfig */;
			buildSettings = {
				ASSETCATALOG_COMPILER_APPICON_NAME = AppIcon;
				CODE_SIGN_STYLE = Automatic;
				DEVELOPMENT_TEAM = 27LU9Z8P5L;
				INFOPLIST_FILE = "Heart-up/Info.plist";
				LD_RUNPATH_SEARCH_PATHS = (
					"$(inherited)",
					"@executable_path/Frameworks",
				);
				PRODUCT_BUNDLE_IDENTIFIER = "com.kei.MyApp.Heart-up";
				PRODUCT_NAME = "$(TARGET_NAME)";
				SWIFT_VERSION = 4.0;
				TARGETED_DEVICE_FAMILY = "1,2";
			};
			name = Release;
		};
/* End XCBuildConfiguration section */

/* Begin XCConfigurationList section */
		C86E32C5212C3B97005A3D92 /* Build configuration list for PBXProject "Heart-up" */ = {
			isa = XCConfigurationList;
			buildConfigurations = (
				C86E32DA212C3B98005A3D92 /* Debug */,
				C86E32DB212C3B98005A3D92 /* Release */,
			);
			defaultConfigurationIsVisible = 0;
			defaultConfigurationName = Release;
		};
		C86E32DC212C3B98005A3D92 /* Build configuration list for PBXNativeTarget "Heart-up" */ = {
			isa = XCConfigurationList;
			buildConfigurations = (
				C86E32DD212C3B98005A3D92 /* Debug */,
				C86E32DE212C3B98005A3D92 /* Release */,
			);
			defaultConfigurationIsVisible = 0;
			defaultConfigurationName = Release;
		};
/* End XCConfigurationList section */
	};
	rootObject = C86E32C2212C3B97005A3D92 /* Project object */;
}
